
Microsoft Visual Studio Solution File, Format Version 12.00
# Visual Studio Version 17
VisualStudioVersion = 17.9.34701.34
MinimumVisualStudioVersion = 10.0.40219.1
Project("{FAE04EC0-301F-11D3-BF4B-00C04F79EFBC}") = "API", "API.csproj", "{235EC2E4-34B2-4206-A7EF-FFAC8D484281}"
EndProject
Global
	GlobalSection(SolutionConfigurationPlatforms) = preSolution
		Debug|Any CPU = Debug|Any CPU
		Release|Any CPU = Release|Any CPU
	EndGlobalSection
	GlobalSection(ProjectConfigurationPlatforms) = postSolution
		{235EC2E4-34B2-4206-A7EF-FFAC8D484281}.Debug|Any CPU.ActiveCfg = Debug|Any CPU
		{235EC2E4-34B2-4206-A7EF-FFAC8D484281}.Debug|Any CPU.Build.0 = Debug|Any CPU
		{235EC2E4-34B2-4206-A7EF-FFAC8D484281}.Release|Any CPU.ActiveCfg = Release|Any CPU
		{235EC2E4-34B2-4206-A7EF-FFAC8D484281}.Release|Any CPU.Build.0 = Release|Any CPU
	EndGlobalSection
	GlobalSection(SolutionProperties) = preSolution
		HideSolutionNode = FALSE
	EndGlobalSection
	GlobalSection(ExtensibilityGlobals) = postSolution
		SolutionGuid = {E9C4AD93-E790-4AE0-A434-347D1BD24AF4}
	EndGlobalSection
EndGlobal
